{
  "name": "movie-log",
  "version": "1.0.0",
  "lockfileVersion": 1,
  "requires": true,
  "dependencies": {
    "tachyons-aspect-ratios": {
      "version": "1.0.1",
      "resolved": "https://registry.npmjs.org/tachyons-aspect-ratios/-/tachyons-aspect-ratios-1.0.1.tgz",
      "integrity": "sha1-SzDg3RBbIzH3Irr4vwE8j0PILEA="
    },
    "tachyons-floats": {
      "version": "3.0.4",
      "resolved": "https://registry.npmjs.org/tachyons-floats/-/tachyons-floats-3.0.4.tgz",
      "integrity": "sha1-zKXe7qzJSIC4Aax5prymRwjlXmw="
    },
    "tachyons-hovers": {
      "version": "2.5.1",
      "resolved": "https://registry.npmjs.org/tachyons-hovers/-/tachyons-hovers-2.5.1.tgz",
      "integrity": "sha1-2r6ik1IxwQLHj96344QRK1HlSuQ="
    },
    "tachyons-links": {
      "version": "3.0.10",
      "resolved": "https://registry.npmjs.org/tachyons-links/-/tachyons-links-3.0.10.tgz",
      "integrity": "sha1-znP4wSoWydUNq/x2nijGW8S8d0c="
    },
    "tachyons-overflow": {
      "version": "4.0.5",
      "resolved": "https://registry.npmjs.org/tachyons-overflow/-/tachyons-overflow-4.0.5.tgz",
      "integrity": "sha512-GRpsL4QCuLdnDTyK+uxjYmi5ORGpLbpwxc38vieJXP9v5J/+SBO+AANOnOt0a7irH413M9S4RTpuj8MCPtNODA=="
    },
    "tachyons-widths": {
      "version": "5.2.1",
      "resolved": "https://registry.npmjs.org/tachyons-widths/-/tachyons-widths-5.2.1.tgz",
      "integrity": "sha512-LrqK5D8pH1K5JPrv1ld2o+oybDzvhq4dIEW43u3RpyPYg2PizUnxdKWm+QREsOWDDGgwwOMi094P6y5yoBSDNw=="
    }
  }
}
